
Microsoft Visual Studio Solution File, Format Version 12.00
# Visual Studio Version 16
VisualStudioVersion = 16.0.31205.134
MinimumVisualStudioVersion = 10.0.40219.1
Project("{FAE04EC0-301F-11D3-BF4B-00C04F79EFBC}") = "NotesPlus", "NotesPlus.csproj", "{688C8F9A-2D22-4681-B9C6-622DB00751C6}"
EndProject
Global
	GlobalSection(SolutionConfigurationPlatforms) = preSolution
		Debug|Any CPU = Debug|Any CPU
		Release|Any CPU = Release|Any CPU
	EndGlobalSection
	GlobalSection(ProjectConfigurationPlatforms) = postSolution
		{688C8F9A-2D22-4681-B9C6-622DB00751C6}.Debug|Any CPU.ActiveCfg = Debug|Any CPU
		{688C8F9A-2D22-4681-B9C6-622DB00751C6}.Debug|Any CPU.Build.0 = Debug|Any CPU
		{688C8F9A-2D22-4681-B9C6-622DB00751C6}.Release|Any CPU.ActiveCfg = Release|Any CPU
		{688C8F9A-2D22-4681-B9C6-622DB00751C6}.Release|Any CPU.Build.0 = Release|Any CPU
	EndGlobalSection
	GlobalSection(SolutionProperties) = preSolution
		HideSolutionNode = FALSE
	EndGlobalSection
	GlobalSection(ExtensibilityGlobals) = postSolution
		SolutionGuid = {31A8B89C-5A45-4845-AE01-647B5501309E}
	EndGlobalSection
EndGlobal
